
Microsoft Visual Studio Solution File, Format Version 12.00
# Visual Studio Version 17
VisualStudioVersion = 17.13.36105.23 d17.13
MinimumVisualStudioVersion = 10.0.40219.1
Project("{FAE04EC0-301F-11D3-BF4B-00C04F79EFBC}") = "VoNguyenMinhNhat_KTGK", "VoNguyenMinhNhat_KTGK\VoNguyenMinhNhat_KTGK.csproj", "{70D507B3-915F-416B-82CC-4DA30251DC37}"
EndProject
Global
	GlobalSection(SolutionConfigurationPlatforms) = preSolution
		Debug|Any CPU = Debug|Any CPU
		Release|Any CPU = Release|Any CPU
	EndGlobalSection
	GlobalSection(ProjectConfigurationPlatforms) = postSolution
		{70D507B3-915F-416B-82CC-4DA30251DC37}.Debug|Any CPU.ActiveCfg = Debug|Any CPU
		{70D507B3-915F-416B-82CC-4DA30251DC37}.Debug|Any CPU.Build.0 = Debug|Any CPU
		{70D507B3-915F-416B-82CC-4DA30251DC37}.Release|Any CPU.ActiveCfg = Release|Any CPU
		{70D507B3-915F-416B-82CC-4DA30251DC37}.Release|Any CPU.Build.0 = Release|Any CPU
	EndGlobalSection
	GlobalSection(SolutionProperties) = preSolution
		HideSolutionNode = FALSE
	EndGlobalSection
	GlobalSection(ExtensibilityGlobals) = postSolution
		SolutionGuid = {8FD6FECB-CE6F-4929-A3A8-196FA27BD3EA}
	EndGlobalSection
EndGlobal
