
Microsoft Visual Studio Solution File, Format Version 12.00
# Visual Studio Version 17
VisualStudioVersion = 17.13.35931.197 d17.13
MinimumVisualStudioVersion = 10.0.40219.1
Project("{FAE04EC0-301F-11D3-BF4B-00C04F79EFBC}") = "LTWEB_buoi4", "LTWEB_buoi4\LTWEB_buoi4.csproj", "{8C0BF18A-E1B1-4CA2-850E-4E38B841C2CC}"
EndProject
Global
	GlobalSection(SolutionConfigurationPlatforms) = preSolution
		Debug|Any CPU = Debug|Any CPU
		Release|Any CPU = Release|Any CPU
	EndGlobalSection
	GlobalSection(ProjectConfigurationPlatforms) = postSolution
		{8C0BF18A-E1B1-4CA2-850E-4E38B841C2CC}.Debug|Any CPU.ActiveCfg = Debug|Any CPU
		{8C0BF18A-E1B1-4CA2-850E-4E38B841C2CC}.Debug|Any CPU.Build.0 = Debug|Any CPU
		{8C0BF18A-E1B1-4CA2-850E-4E38B841C2CC}.Release|Any CPU.ActiveCfg = Release|Any CPU
		{8C0BF18A-E1B1-4CA2-850E-4E38B841C2CC}.Release|Any CPU.Build.0 = Release|Any CPU
	EndGlobalSection
	GlobalSection(SolutionProperties) = preSolution
		HideSolutionNode = FALSE
	EndGlobalSection
	GlobalSection(ExtensibilityGlobals) = postSolution
		SolutionGuid = {CB0ADF17-8B1A-4B89-BB74-912EE66AEDB3}
	EndGlobalSection
EndGlobal
